PODS:
  - BXTencentOpenAPI (2.9.5):
    - BXTencentOpenAPI/Basic (= 2.9.5)
  - BXTencentOpenAPI/Basic (2.9.5)

DEPENDENCIES:
  - BXTencentOpenAPI (from `../`)

EXTERNAL SOURCES:
  BXTencentOpenAPI:
    :path: "../"

SPEC CHECKSUMS:
  BXTencentOpenAPI: 96d941aacfde20adb3ebac6460cbbbea647ff08d

COCOAPODS: 0.39.0
