PODS:
  - BXTencentOpenAPI (3.1.3):
    - BXTencentOpenAPI/Basic (= 3.1.3)
  - BXTencentOpenAPI/Basic (3.1.3)

DEPENDENCIES:
  - BXTencentOpenAPI (from `../`)

EXTERNAL SOURCES:
  BXTencentOpenAPI:
    :path: "../"

SPEC CHECKSUMS:
  BXTencentOpenAPI: f094da310cc7fbc9bb076244bbbea5fbb7d8c67e

PODFILE CHECKSUM: 29facea278f5bf016d8293a921b89a82441a1c9d

COCOAPODS: 1.1.1
